// !$*UTF8*$!
{
	archiveVersion = 1;
	classes = {
	};
	objectVersion = 51;
	objects = {

/* Begin PBXBuildFile section */
		03FCF665EE6691561CD0AA9B /* Pods_TodoListTests.framework in Frameworks */ = {isa = PBXBuildFile; fileRef = 4D727678B797D67796D324D4 /* Pods_TodoListTests.framework */; };
		6534FA301433F902C24F17A8 /* Pods_TodoList_TodoListUITests.framework in Frameworks */ = {isa = PBXBuildFile; fileRef = 54BA8E2935F979324E0B0BC9 /* Pods_TodoList_TodoListUITests.framework */; };
		A320C7402619EBB50025C6C1 /* AppDelegate.swift in Sources */ = {isa = PBXBuildFile; fileRef = A320C73F2619EBB50025C6C1 /* AppDelegate.swift */; };
		A320C7422619EBB50025C6C1 /* SceneDelegate.swift in Sources */ = {isa = PBXBuildFile; fileRef = A320C7412619EBB50025C6C1 /* SceneDelegate.swift */; };
		A320C7442619EBB50025C6C1 /* ViewController.swift in Sources */ = {isa = PBXBuildFile; fileRef = A320C7432619EBB50025C6C1 /* ViewController.swift */; };
		A320C7492619EBB80025C6C1 /* Assets.xcassets in Resources */ = {isa = PBXBuildFile; fileRef = A320C7482619EBB80025C6C1 /* Assets.xcassets */; };
		A320C74C2619EBB80025C6C1 /* LaunchScreen.storyboard in Resources */ = {isa = PBXBuildFile; fileRef = A320C74A2619EBB80025C6C1 /* LaunchScreen.storyboard */; };
		A320C7572619EBB80025C6C1 /* TodoListTests.swift in Sources */ = {isa = PBXBuildFile; fileRef = A320C7562619EBB80025C6C1 /* TodoListTests.swift */; };
		A320C7622619EBB80025C6C1 /* TodoListUITests.swift in Sources */ = {isa = PBXBuildFile; fileRef = A320C7612619EBB80025C6C1 /* TodoListUITests.swift */; };
		A37E409926286A9700AC4E70 /* Storage.swift in Sources */ = {isa = PBXBuildFile; fileRef = A37E409826286A9700AC4E70 /* Storage.swift */; };
		A38A5611261F4EAA005D7D05 /* SettingTableViewCell.swift in Sources */ = {isa = PBXBuildFile; fileRef = A38A5610261F4EAA005D7D05 /* SettingTableViewCell.swift */; };
		A38A5616261F5F3E005D7D05 /* SettingViewModel.swift in Sources */ = {isa = PBXBuildFile; fileRef = A38A5615261F5F3E005D7D05 /* SettingViewModel.swift */; };
		A396AB7B262C6CA300362BF6 /* TodoListViewModel.swift in Sources */ = {isa = PBXBuildFile; fileRef = A396AB7A262C6CA300362BF6 /* TodoListViewModel.swift */; };
		A399F01E2623108900F38E52 /* TodoListViewController.swift in Sources */ = {isa = PBXBuildFile; fileRef = A399F01D2623108900F38E52 /* TodoListViewController.swift */; };
		A399F0232623155800F38E52 /* TodoListTableViewCell.swift in Sources */ = {isa = PBXBuildFile; fileRef = A399F0222623155800F38E52 /* TodoListTableViewCell.swift */; };
		A399F028262317A000F38E52 /* Todo.swift in Sources */ = {isa = PBXBuildFile; fileRef = A399F027262317A000F38E52 /* Todo.swift */; };
		A399F031262716BD00F38E52 /* TodoManager.swift in Sources */ = {isa = PBXBuildFile; fileRef = A399F030262716BD00F38E52 /* TodoManager.swift */; };
		AAF5549F58AF91AB8A502715 /* Pods_TodoList.framework in Frameworks */ = {isa = PBXBuildFile; fileRef = 2A537B2DD70EDE40028D1C36 /* Pods_TodoList.framework */; };
/* End PBXBuildFile section */

/* Begin PBXContainerItemProxy section */
		A320C7532619EBB80025C6C1 /* PBXContainerItemProxy */ = {
			isa = PBXContainerItemProxy;
			containerPortal = A320C7342619EBB50025C6C1 /* Project object */;
			proxyType = 1;
			remoteGlobalIDString = A320C73B2619EBB50025C6C1;
			remoteInfo = TodoList;
		};
		A320C75E2619EBB80025C6C1 /* PBXContainerItemProxy */ = {
			isa = PBXContainerItemProxy;
			containerPortal = A320C7342619EBB50025C6C1 /* Project object */;
			proxyType = 1;
			remoteGlobalIDString = A320C73B2619EBB50025C6C1;
			remoteInfo = TodoList;
		};
/* End PBXContainerItemProxy section */

/* Begin PBXFileReference section */
		0B6BE186C79A1E7B2E51CF06 /* Pods-TodoList-TodoListUITests.debug.xcconfig */ = {isa = PBXFileReference; includeInIndex = 1; lastKnownFileType = text.xcconfig; name = "Pods-TodoList-TodoListUITests.debug.xcconfig"; path = "Target Support Files/Pods-TodoList-TodoListUITests/Pods-TodoList-TodoListUITests.debug.xcconfig"; sourceTree = "<group>"; };
		1A7F643810A80AA580B41E46 /* Pods-TodoList-TodoListUITests.release.xcconfig */ = {isa = PBXFileReference; includeInIndex = 1; lastKnownFileType = text.xcconfig; name = "Pods-TodoList-TodoListUITests.release.xcconfig"; path = "Target Support Files/Pods-TodoList-TodoListUITests/Pods-TodoList-TodoListUITests.release.xcconfig"; sourceTree = "<group>"; };
		2A537B2DD70EDE40028D1C36 /* Pods_TodoList.framework */ = {isa = PBXFileReference; explicitFileType = wrapper.framework; includeInIndex = 0; path = Pods_TodoList.framework; sourceTree = BUILT_PRODUCTS_DIR; };
		4AC965AE476A812F7CB0204A /* Pods-TodoList.release.xcconfig */ = {isa = PBXFileReference; includeInIndex = 1; lastKnownFileType = text.xcconfig; name = "Pods-TodoList.release.xcconfig"; path = "Target Support Files/Pods-TodoList/Pods-TodoList.release.xcconfig"; sourceTree = "<group>"; };
		4D727678B797D67796D324D4 /* Pods_TodoListTests.framework */ = {isa = PBXFileReference; explicitFileType = wrapper.framework; includeInIndex = 0; path = Pods_TodoListTests.framework; sourceTree = BUILT_PRODUCTS_DIR; };
		54BA8E2935F979324E0B0BC9 /* Pods_TodoList_TodoListUITests.framework */ = {isa = PBXFileReference; explicitFileType = wrapper.framework; includeInIndex = 0; path = Pods_TodoList_TodoListUITests.framework; sourceTree = BUILT_PRODUCTS_DIR; };
		7F52D89DA00616BBCE50EB33 /* Pods-TodoListTests.release.xcconfig */ = {isa = PBXFileReference; includeInIndex = 1; lastKnownFileType = text.xcconfig; name = "Pods-TodoListTests.release.xcconfig"; path = "Target Support Files/Pods-TodoListTests/Pods-TodoListTests.release.xcconfig"; sourceTree = "<group>"; };
		A320C73C2619EBB50025C6C1 /* TodoList.app */ = {isa = PBXFileReference; explicitFileType = wrapper.application; includeInIndex = 0; path = TodoList.app; sourceTree = BUILT_PRODUCTS_DIR; };
		A320C73F2619EBB50025C6C1 /* AppDelegate.swift */ = {isa = PBXFileReference; lastKnownFileType = sourcecode.swift; path = AppDelegate.swift; sourceTree = "<group>"; };
		A320C7412619EBB50025C6C1 /* SceneDelegate.swift */ = {isa = PBXFileReference; lastKnownFileType = sourcecode.swift; path = SceneDelegate.swift; sourceTree = "<group>"; };
		A320C7432619EBB50025C6C1 /* ViewController.swift */ = {isa = PBXFileReference; lastKnownFileType = sourcecode.swift; path = ViewController.swift; sourceTree = "<group>"; };
		A320C7482619EBB80025C6C1 /* Assets.xcassets */ = {isa = PBXFileReference; lastKnownFileType = folder.assetcatalog; path = Assets.xcassets; sourceTree = "<group>"; };
		A320C74B2619EBB80025C6C1 /* Base */ = {isa = PBXFileReference; lastKnownFileType = file.storyboard; name = Base; path = Base.lproj/LaunchScreen.storyboard; sourceTree = "<group>"; };
		A320C74D2619EBB80025C6C1 /* Info.plist */ = {isa = PBXFileReference; lastKnownFileType = text.plist.xml; path = Info.plist; sourceTree = "<group>"; };
		A320C7522619EBB80025C6C1 /* TodoListTests.xctest */ = {isa = PBXFileReference; explicitFileType = wrapper.cfbundle; includeInIndex = 0; path = TodoListTests.xctest; sourceTree = BUILT_PRODUCTS_DIR; };
		A320C7562619EBB80025C6C1 /* TodoListTests.swift */ = {isa = PBXFileReference; lastKnownFileType = sourcecode.swift; path = TodoListTests.swift; sourceTree = "<group>"; };
		A320C7582619EBB80025C6C1 /* Info.plist */ = {isa = PBXFileReference; lastKnownFileType = text.plist.xml; path = Info.plist; sourceTree = "<group>"; };
		A320C75D2619EBB80025C6C1 /* TodoListUITests.xctest */ = {isa = PBXFileReference; explicitFileType = wrapper.cfbundle; includeInIndex = 0; path = TodoListUITests.xctest; sourceTree = BUILT_PRODUCTS_DIR; };
		A320C7612619EBB80025C6C1 /* TodoListUITests.swift */ = {isa = PBXFileReference; lastKnownFileType = sourcecode.swift; path = TodoListUITests.swift; sourceTree = "<group>"; };
		A320C7632619EBB80025C6C1 /* Info.plist */ = {isa = PBXFileReference; lastKnownFileType = text.plist.xml; path = Info.plist; sourceTree = "<group>"; };
		A37E409826286A9700AC4E70 /* Storage.swift */ = {isa = PBXFileReference; lastKnownFileType = sourcecode.swift; path = Storage.swift; sourceTree = "<group>"; };
		A38A5610261F4EAA005D7D05 /* SettingTableViewCell.swift */ = {isa = PBXFileReference; lastKnownFileType = sourcecode.swift; path = SettingTableViewCell.swift; sourceTree = "<group>"; };
		A38A5615261F5F3E005D7D05 /* SettingViewModel.swift */ = {isa = PBXFileReference; lastKnownFileType = sourcecode.swift; path = SettingViewModel.swift; sourceTree = "<group>"; };
		A396AB7A262C6CA300362BF6 /* TodoListViewModel.swift */ = {isa = PBXFileReference; lastKnownFileType = sourcecode.swift; path = TodoListViewModel.swift; sourceTree = "<group>"; };
		A399F01D2623108900F38E52 /* TodoListViewController.swift */ = {isa = PBXFileReference; lastKnownFileType = sourcecode.swift; path = TodoListViewController.swift; sourceTree = "<group>"; };
		A399F0222623155800F38E52 /* TodoListTableViewCell.swift */ = {isa = PBXFileReference; lastKnownFileType = sourcecode.swift; path = TodoListTableViewCell.swift; sourceTree = "<group>"; };
		A399F027262317A000F38E52 /* Todo.swift */ = {isa = PBXFileReference; lastKnownFileType = sourcecode.swift; path = Todo.swift; sourceTree = "<group>"; };
		A399F030262716BD00F38E52 /* TodoManager.swift */ = {isa = PBXFileReference; lastKnownFileType = sourcecode.swift; path = TodoManager.swift; sourceTree = "<group>"; };
		B546B5EFE675AD47AEB1B613 /* Pods-TodoList.debug.xcconfig */ = {isa = PBXFileReference; includeInIndex = 1; lastKnownFileType = text.xcconfig; name = "Pods-TodoList.debug.xcconfig"; path = "Target Support Files/Pods-TodoList/Pods-TodoList.debug.xcconfig"; sourceTree = "<group>"; };
		E691F44E312BC3D7A7B372F5 /* Pods-TodoListTests.debug.xcconfig */ = {isa = PBXFileReference; includeInIndex = 1; lastKnownFileType = text.xcconfig; name = "Pods-TodoListTests.debug.xcconfig"; path = "Target Support Files/Pods-TodoListTests/Pods-TodoListTests.debug.xcconfig"; sourceTree = "<group>"; };
/* End PBXFileReference section */

/* Begin PBXFrameworksBuildPhase section */
		A320C7392619EBB50025C6C1 /* Frameworks */ = {
			isa = PBXFrameworksBuildPhase;
			buildActionMask = 2147483647;
			files = (
				AAF5549F58AF91AB8A502715 /* Pods_TodoList.framework in Frameworks */,
			);
			runOnlyForDeploymentPostprocessing = 0;
		};
		A320C74F2619EBB80025C6C1 /* Frameworks */ = {
			isa = PBXFrameworksBuildPhase;
			buildActionMask = 2147483647;
			files = (
				03FCF665EE6691561CD0AA9B /* Pods_TodoListTests.framework in Frameworks */,
			);
			runOnlyForDeploymentPostprocessing = 0;
		};
		A320C75A2619EBB80025C6C1 /* Frameworks */ = {
			isa = PBXFrameworksBuildPhase;
			buildActionMask = 2147483647;
			files = (
				6534FA301433F902C24F17A8 /* Pods_TodoList_TodoListUITests.framework in Frameworks */,
			);
			runOnlyForDeploymentPostprocessing = 0;
		};
/* End PBXFrameworksBuildPhase section */

/* Begin PBXGroup section */
		3E2167B8DB845A1A5EBD7DB7 /* Frameworks */ = {
			isa = PBXGroup;
			children = (
				2A537B2DD70EDE40028D1C36 /* Pods_TodoList.framework */,
				54BA8E2935F979324E0B0BC9 /* Pods_TodoList_TodoListUITests.framework */,
				4D727678B797D67796D324D4 /* Pods_TodoListTests.framework */,
			);
			name = Frameworks;
			sourceTree = "<group>";
		};
		86CE417A7A3F85F4542850BB /* Pods */ = {
			isa = PBXGroup;
			children = (
				B546B5EFE675AD47AEB1B613 /* Pods-TodoList.debug.xcconfig */,
				4AC965AE476A812F7CB0204A /* Pods-TodoList.release.xcconfig */,
				0B6BE186C79A1E7B2E51CF06 /* Pods-TodoList-TodoListUITests.debug.xcconfig */,
				1A7F643810A80AA580B41E46 /* Pods-TodoList-TodoListUITests.release.xcconfig */,
				E691F44E312BC3D7A7B372F5 /* Pods-TodoListTests.debug.xcconfig */,
				7F52D89DA00616BBCE50EB33 /* Pods-TodoListTests.release.xcconfig */,
			);
			path = Pods;
			sourceTree = "<group>";
		};
		A320C7332619EBB50025C6C1 = {
			isa = PBXGroup;
			children = (
				A320C73E2619EBB50025C6C1 /* TodoList */,
				A320C7552619EBB80025C6C1 /* TodoListTests */,
				A320C7602619EBB80025C6C1 /* TodoListUITests */,
				A320C73D2619EBB50025C6C1 /* Products */,
				86CE417A7A3F85F4542850BB /* Pods */,
				3E2167B8DB845A1A5EBD7DB7 /* Frameworks */,
			);
			sourceTree = "<group>";
		};
		A320C73D2619EBB50025C6C1 /* Products */ = {
			isa = PBXGroup;
			children = (
				A320C73C2619EBB50025C6C1 /* TodoList.app */,
				A320C7522619EBB80025C6C1 /* TodoListTests.xctest */,
				A320C75D2619EBB80025C6C1 /* TodoListUITests.xctest */,
			);
			name = Products;
			sourceTree = "<group>";
		};
		A320C73E2619EBB50025C6C1 /* TodoList */ = {
			isa = PBXGroup;
			children = (
				A399F02F2623191400F38E52 /* View */,
				A399F02E262318BD00F38E52 /* ViewController */,
				A399F02D262318B500F38E52 /* ViewModel */,
				A399F02C262318AE00F38E52 /* Model */,
				A320C73F2619EBB50025C6C1 /* AppDelegate.swift */,
				A320C7412619EBB50025C6C1 /* SceneDelegate.swift */,
				A320C7482619EBB80025C6C1 /* Assets.xcassets */,
				A320C74A2619EBB80025C6C1 /* LaunchScreen.storyboard */,
				A320C74D2619EBB80025C6C1 /* Info.plist */,
				A399F030262716BD00F38E52 /* TodoManager.swift */,
				A37E409826286A9700AC4E70 /* Storage.swift */,
			);
			path = TodoList;
			sourceTree = "<group>";
		};
		A320C7552619EBB80025C6C1 /* TodoListTests */ = {
			isa = PBXGroup;
			children = (
				A320C7562619EBB80025C6C1 /* TodoListTests.swift */,
				A320C7582619EBB80025C6C1 /* Info.plist */,
			);
			path = TodoListTests;
			sourceTree = "<group>";
		};
		A320C7602619EBB80025C6C1 /* TodoListUITests */ = {
			isa = PBXGroup;
			children = (
				A320C7612619EBB80025C6C1 /* TodoListUITests.swift */,
				A320C7632619EBB80025C6C1 /* Info.plist */,
			);
			path = TodoListUITests;
			sourceTree = "<group>";
		};
		A399F02C262318AE00F38E52 /* Model */ = {
			isa = PBXGroup;
			children = (
				A399F027262317A000F38E52 /* Todo.swift */,
			);
			path = Model;
			sourceTree = "<group>";
		};
		A399F02D262318B500F38E52 /* ViewModel */ = {
			isa = PBXGroup;
			children = (
				A38A5615261F5F3E005D7D05 /* SettingViewModel.swift */,
				A396AB7A262C6CA300362BF6 /* TodoListViewModel.swift */,
			);
			path = ViewModel;
			sourceTree = "<group>";
		};
		A399F02E262318BD00F38E52 /* ViewController */ = {
			isa = PBXGroup;
			children = (
				A399F01D2623108900F38E52 /* TodoListViewController.swift */,
				A320C7432619EBB50025C6C1 /* ViewController.swift */,
			);
			path = ViewController;
			sourceTree = "<group>";
		};
		A399F02F2623191400F38E52 /* View */ = {
			isa = PBXGroup;
			children = (
				A38A5610261F4EAA005D7D05 /* SettingTableViewCell.swift */,
				A399F0222623155800F38E52 /* TodoListTableViewCell.swift */,
			);
			path = View;
			sourceTree = "<group>";
		};
/* End PBXGroup section */

/* Begin PBXNativeTarget section */
		A320C73B2619EBB50025C6C1 /* TodoList */ = {
			isa = PBXNativeTarget;
			buildConfigurationList = A320C7662619EBB80025C6C1 /* Build configuration list for PBXNativeTarget "TodoList" */;
			buildPhases = (
				F4D8D473D6698B4622508450 /* [CP] Check Pods Manifest.lock */,
				A320C7382619EBB50025C6C1 /* Sources */,
				A320C7392619EBB50025C6C1 /* Frameworks */,
				A320C73A2619EBB50025C6C1 /* Resources */,
				DF92F17C1F1E9C5A065798B2 /* [CP] Embed Pods Frameworks */,
			);
			buildRules = (
			);
			dependencies = (
			);
			name = TodoList;
			productName = TodoList;
			productReference = A320C73C2619EBB50025C6C1 /* TodoList.app */;
			productType = "com.apple.product-type.application";
		};
		A320C7512619EBB80025C6C1 /* TodoListTests */ = {
			isa = PBXNativeTarget;
			buildConfigurationList = A320C7692619EBB80025C6C1 /* Build configuration list for PBXNativeTarget "TodoListTests" */;
			buildPhases = (
				A3AE694341A9CD8456B9416A /* [CP] Check Pods Manifest.lock */,
				A320C74E2619EBB80025C6C1 /* Sources */,
				A320C74F2619EBB80025C6C1 /* Frameworks */,
				A320C7502619EBB80025C6C1 /* Resources */,
			);
			buildRules = (
			);
			dependencies = (
				A320C7542619EBB80025C6C1 /* PBXTargetDependency */,
			);
			name = TodoListTests;
			productName = TodoListTests;
			productReference = A320C7522619EBB80025C6C1 /* TodoListTests.xctest */;
			productType = "com.apple.product-type.bundle.unit-test";
		};
		A320C75C2619EBB80025C6C1 /* TodoListUITests */ = {
			isa = PBXNativeTarget;
			buildConfigurationList = A320C76C2619EBB80025C6C1 /* Build configuration list for PBXNativeTarget "TodoListUITests" */;
			buildPhases = (
				3269A8E91B35D57D5FE69752 /* [CP] Check Pods Manifest.lock */,
				A320C7592619EBB80025C6C1 /* Sources */,
				A320C75A2619EBB80025C6C1 /* Frameworks */,
				A320C75B2619EBB80025C6C1 /* Resources */,
				6706289DD8A9E0E821914642 /* [CP] Embed Pods Frameworks */,
			);
			buildRules = (
			);
			dependencies = (
				A320C75F2619EBB80025C6C1 /* PBXTargetDependency */,
			);
			name = TodoListUITests;
			productName = TodoListUITests;
			productReference = A320C75D2619EBB80025C6C1 /* TodoListUITests.xctest */;
			productType = "com.apple.product-type.bundle.ui-testing";
		};
/* End PBXNativeTarget section */

/* Begin PBXProject section */
		A320C7342619EBB50025C6C1 /* Project object */ = {
			isa = PBXProject;
			attributes = {
				LastSwiftUpdateCheck = 1240;
				LastUpgradeCheck = 1240;
				TargetAttributes = {
					A320C73B2619EBB50025C6C1 = {
						CreatedOnToolsVersion = 12.4;
					};
					A320C7512619EBB80025C6C1 = {
						CreatedOnToolsVersion = 12.4;
						TestTargetID = A320C73B2619EBB50025C6C1;
					};
					A320C75C2619EBB80025C6C1 = {
						CreatedOnToolsVersion = 12.4;
						TestTargetID = A320C73B2619EBB50025C6C1;
					};
				};
			};
			buildConfigurationList = A320C7372619EBB50025C6C1 /* Build configuration list for PBXProject "TodoList" */;
			compatibilityVersion = "Xcode 9.3";
			developmentRegion = en;
			hasScannedForEncodings = 0;
			knownRegions = (
				en,
				Base,
			);
			mainGroup = A320C7332619EBB50025C6C1;
			productRefGroup = A320C73D2619EBB50025C6C1 /* Products */;
			projectDirPath = "";
			projectRoot = "";
			targets = (
				A320C73B2619EBB50025C6C1 /* TodoList */,
				A320C7512619EBB80025C6C1 /* TodoListTests */,
				A320C75C2619EBB80025C6C1 /* TodoListUITests */,
			);
		};
/* End PBXProject section */

/* Begin PBXResourcesBuildPhase section */
		A320C73A2619EBB50025C6C1 /* Resources */ = {
			isa = PBXResourcesBuildPhase;
			buildActionMask = 2147483647;
			files = (
				A320C74C2619EBB80025C6C1 /* LaunchScreen.storyboard in Resources */,
				A320C7492619EBB80025C6C1 /* Assets.xcassets in Resources */,
			);
			runOnlyForDeploymentPostprocessing = 0;
		};
		A320C7502619EBB80025C6C1 /* Resources */ = {
			isa = PBXResourcesBuildPhase;
			buildActionMask = 2147483647;
			files = (
			);
			runOnlyForDeploymentPostprocessing = 0;
		};
		A320C75B2619EBB80025C6C1 /* Resources */ = {
			isa = PBXResourcesBuildPhase;
			buildActionMask = 2147483647;
			files = (
			);
			runOnlyForDeploymentPostprocessing = 0;
		};
/* End PBXResourcesBuildPhase section */

/* Begin PBXShellScriptBuildPhase section */
		3269A8E91B35D57D5FE69752 /* [CP] Check Pods Manifest.lock */ = {
			isa = PBXShellScriptBuildPhase;
			buildActionMask = 2147483647;
			files = (
			);
			inputFileListPaths = (
			);
			inputPaths = (
				"${PODS_PODFILE_DIR_PATH}/Podfile.lock",
				"${PODS_ROOT}/Manifest.lock",
			);
			name = "[CP] Check Pods Manifest.lock";
			outputFileListPaths = (
			);
			outputPaths = (
				"$(DERIVED_FILE_DIR)/Pods-TodoList-TodoListUITests-checkManifestLockResult.txt",
			);
			runOnlyForDeploymentPostprocessing = 0;
			shellPath = /bin/sh;
			shellScript = "diff \"${PODS_PODFILE_DIR_PATH}/Podfile.lock\" \"${PODS_ROOT}/Manifest.lock\" > /dev/null\nif [ $? != 0 ] ; then\n    # print error to STDERR\n    echo \"error: The sandbox is not in sync with the Podfile.lock. Run 'pod install' or update your CocoaPods installation.\" >&2\n    exit 1\nfi\n# This output is used by Xcode 'outputs' to avoid re-running this script phase.\necho \"SUCCESS\" > \"${SCRIPT_OUTPUT_FILE_0}\"\n";
			showEnvVarsInLog = 0;
		};
		6706289DD8A9E0E821914642 /* [CP] Embed Pods Frameworks */ = {
			isa = PBXShellScriptBuildPhase;
			buildActionMask = 2147483647;
			files = (
			);
			inputFileListPaths = (
				"${PODS_ROOT}/Target Support Files/Pods-TodoList-TodoListUITests/Pods-TodoList-TodoListUITests-frameworks-${CONFIGURATION}-input-files.xcfilelist",
			);
			name = "[CP] Embed Pods Frameworks";
			outputFileListPaths = (
				"${PODS_ROOT}/Target Support Files/Pods-TodoList-TodoListUITests/Pods-TodoList-TodoListUITests-frameworks-${CONFIGURATION}-output-files.xcfilelist",
			);
			runOnlyForDeploymentPostprocessing = 0;
			shellPath = /bin/sh;
			shellScript = "\"${PODS_ROOT}/Target Support Files/Pods-TodoList-TodoListUITests/Pods-TodoList-TodoListUITests-frameworks.sh\"\n";
			showEnvVarsInLog = 0;
		};
		A3AE694341A9CD8456B9416A /* [CP] Check Pods Manifest.lock */ = {
			isa = PBXShellScriptBuildPhase;
			buildActionMask = 2147483647;
			files = (
			);
			inputFileListPaths = (
			);
			inputPaths = (
				"${PODS_PODFILE_DIR_PATH}/Podfile.lock",
				"${PODS_ROOT}/Manifest.lock",
			);
			name = "[CP] Check Pods Manifest.lock";
			outputFileListPaths = (
			);
			outputPaths = (
				"$(DERIVED_FILE_DIR)/Pods-TodoListTests-checkManifestLockResult.txt",
			);
			runOnlyForDeploymentPostprocessing = 0;
			shellPath = /bin/sh;
			shellScript = "diff \"${PODS_PODFILE_DIR_PATH}/Podfile.lock\" \"${PODS_ROOT}/Manifest.lock\" > /dev/null\nif [ $? != 0 ] ; then\n    # print error to STDERR\n    echo \"error: The sandbox is not in sync with the Podfile.lock. Run 'pod install' or update your CocoaPods installation.\" >&2\n    exit 1\nfi\n# This output is used by Xcode 'outputs' to avoid re-running this script phase.\necho \"SUCCESS\" > \"${SCRIPT_OUTPUT_FILE_0}\"\n";
			showEnvVarsInLog = 0;
		};
		DF92F17C1F1E9C5A065798B2 /* [CP] Embed Pods Frameworks */ = {
			isa = PBXShellScriptBuildPhase;
			buildActionMask = 2147483647;
			files = (
			);
			inputFileListPaths = (
				"${PODS_ROOT}/Target Support Files/Pods-TodoList/Pods-TodoList-frameworks-${CONFIGURATION}-input-files.xcfilelist",
			);
			name = "[CP] Embed Pods Frameworks";
			outputFileListPaths = (
				"${PODS_ROOT}/Target Support Files/Pods-TodoList/Pods-TodoList-frameworks-${CONFIGURATION}-output-files.xcfilelist",
			);
			runOnlyForDeploymentPostprocessing = 0;
			shellPath = /bin/sh;
			shellScript = "\"${PODS_ROOT}/Target Support Files/Pods-TodoList/Pods-TodoList-frameworks.sh\"\n";
			showEnvVarsInLog = 0;
		};
		F4D8D473D6698B4622508450 /* [CP] Check Pods Manifest.lock */ = {
			isa = PBXShellScriptBuildPhase;
			buildActionMask = 2147483647;
			files = (
			);
			inputFileListPaths = (
			);
			inputPaths = (
				"${PODS_PODFILE_DIR_PATH}/Podfile.lock",
				"${PODS_ROOT}/Manifest.lock",
			);
			name = "[CP] Check Pods Manifest.lock";
			outputFileListPaths = (
			);
			outputPaths = (
				"$(DERIVED_FILE_DIR)/Pods-TodoList-checkManifestLockResult.txt",
			);
			runOnlyForDeploymentPostprocessing = 0;
			shellPath = /bin/sh;
			shellScript = "diff \"${PODS_PODFILE_DIR_PATH}/Podfile.lock\" \"${PODS_ROOT}/Manifest.lock\" > /dev/null\nif [ $? != 0 ] ; then\n    # print error to STDERR\n    echo \"error: The sandbox is not in sync with the Podfile.lock. Run 'pod install' or update your CocoaPods installation.\" >&2\n    exit 1\nfi\n# This output is used by Xcode 'outputs' to avoid re-running this script phase.\necho \"SUCCESS\" > \"${SCRIPT_OUTPUT_FILE_0}\"\n";
			showEnvVarsInLog = 0;
		};
/* End PBXShellScriptBuildPhase section */

/* Begin PBXSourcesBuildPhase section */
		A320C7382619EBB50025C6C1 /* Sources */ = {
			isa = PBXSourcesBuildPhase;
			buildActionMask = 2147483647;
			files = (
				A396AB7B262C6CA300362BF6 /* TodoListViewModel.swift in Sources */,
				A399F01E2623108900F38E52 /* TodoListViewController.swift in Sources */,
				A38A5616261F5F3E005D7D05 /* SettingViewModel.swift in Sources */,
				A399F0232623155800F38E52 /* TodoListTableViewCell.swift in Sources */,
				A399F028262317A000F38E52 /* Todo.swift in Sources */,
				A320C7442619EBB50025C6C1 /* ViewController.swift in Sources */,
				A320C7402619EBB50025C6C1 /* AppDelegate.swift in Sources */,
				A38A5611261F4EAA005D7D05 /* SettingTableViewCell.swift in Sources */,
				A399F031262716BD00F38E52 /* TodoManager.swift in Sources */,
				A320C7422619EBB50025C6C1 /* SceneDelegate.swift in Sources */,
				A37E409926286A9700AC4E70 /* Storage.swift in Sources */,
			);
			runOnlyForDeploymentPostprocessing = 0;
		};
		A320C74E2619EBB80025C6C1 /* Sources */ = {
			isa = PBXSourcesBuildPhase;
			buildActionMask = 2147483647;
			files = (
				A320C7572619EBB80025C6C1 /* TodoListTests.swift in Sources */,
			);
			runOnlyForDeploymentPostprocessing = 0;
		};
		A320C7592619EBB80025C6C1 /* Sources */ = {
			isa = PBXSourcesBuildPhase;
			buildActionMask = 2147483647;
			files = (
				A320C7622619EBB80025C6C1 /* TodoListUITests.swift in Sources */,
			);
			runOnlyForDeploymentPostprocessing = 0;
		};
/* End PBXSourcesBuildPhase section */

/* Begin PBXTargetDependency section */
		A320C7542619EBB80025C6C1 /* PBXTargetDependency */ = {
			isa = PBXTargetDependency;
			target = A320C73B2619EBB50025C6C1 /* TodoList */;
			targetProxy = A320C7532619EBB80025C6C1 /* PBXContainerItemProxy */;
		};
		A320C75F2619EBB80025C6C1 /* PBXTargetDependency */ = {
			isa = PBXTargetDependency;
			target = A320C73B2619EBB50025C6C1 /* TodoList */;
			targetProxy = A320C75E2619EBB80025C6C1 /* PBXContainerItemProxy */;
		};
/* End PBXTargetDependency section */

/* Begin PBXVariantGroup section */
		A320C74A2619EBB80025C6C1 /* LaunchScreen.storyboard */ = {
			isa = PBXVariantGroup;
			children = (
				A320C74B2619EBB80025C6C1 /* Base */,
			);
			name = LaunchScreen.storyboard;
			sourceTree = "<group>";
		};
/* End PBXVariantGroup section */

/* Begin XCBuildConfiguration section */
		A320C7642619EBB80025C6C1 /* Debug */ = {
			isa = XCBuildConfiguration;
			buildSettings = {
				ALWAYS_SEARCH_USER_PATHS = NO;
				CLANG_ANALYZER_NONNULL = YES;
				CLANG_ANALYZER_NUMBER_OBJECT_CONVERSION = YES_AGGRESSIVE;
				CLANG_CXX_LANGUAGE_STANDARD = "gnu++14";
				CLANG_CXX_LIBRARY = "libc++";
				CLANG_ENABLE_MODULES = YES;
				CLANG_ENABLE_OBJC_ARC = YES;
				CLANG_ENABLE_OBJC_WEAK = YES;
				CLANG_WARN_BLOCK_CAPTURE_AUTORELEASING = YES;
				CLANG_WARN_BOOL_CONVERSION = YES;
				CLANG_WARN_COMMA = YES;
				CLANG_WARN_CONSTANT_CONVERSION = YES;
				CLANG_WARN_DEPRECATED_OBJC_IMPLEMENTATIONS = YES;
				CLANG_WARN_DIRECT_OBJC_ISA_USAGE = YES_ERROR;
				CLANG_WARN_DOCUMENTATION_COMMENTS = YES;
				CLANG_WARN_EMPTY_BODY = YES;
				CLANG_WARN_ENUM_CONVERSION = YES;
				CLANG_WARN_INFINITE_RECURSION = YES;
				CLANG_WARN_INT_CONVERSION = YES;
				CLANG_WARN_NON_LITERAL_NULL_CONVERSION = YES;
				CLANG_WARN_OBJC_IMPLICIT_RETAIN_SELF = YES;
				CLANG_WARN_OBJC_LITERAL_CONVERSION = YES;
				CLANG_WARN_OBJC_ROOT_CLASS = YES_ERROR;
				CLANG_WARN_QUOTED_INCLUDE_IN_FRAMEWORK_HEADER = YES;
				CLANG_WARN_RANGE_LOOP_ANALYSIS = YES;
				CLANG_WARN_STRICT_PROTOTYPES = YES;
				CLANG_WARN_SUSPICIOUS_MOVE = YES;
				CLANG_WARN_UNGUARDED_AVAILABILITY = YES_AGGRESSIVE;
				CLANG_WARN_UNREACHABLE_CODE = YES;
				CLANG_WARN__DUPLICATE_METHOD_MATCH = YES;
				COPY_PHASE_STRIP = NO;
				DEBUG_INFORMATION_FORMAT = dwarf;
				ENABLE_STRICT_OBJC_MSGSEND = YES;
				ENABLE_TESTABILITY = YES;
				GCC_C_LANGUAGE_STANDARD = gnu11;
				GCC_DYNAMIC_NO_PIC = NO;
				GCC_NO_COMMON_BLOCKS = YES;
				GCC_OPTIMIZATION_LEVEL = 0;
				GCC_PREPROCESSOR_DEFINITIONS = (
					"DEBUG=1",
					"$(inherited)",
				);
				GCC_WARN_64_TO_32_BIT_CONVERSION = YES;
				GCC_WARN_ABOUT_RETURN_TYPE = YES_ERROR;
				GCC_WARN_UNDECLARED_SELECTOR = YES;
				GCC_WARN_UNINITIALIZED_AUTOS = YES_AGGRESSIVE;
				GCC_WARN_UNUSED_FUNCTION = YES;
				GCC_WARN_UNUSED_VARIABLE = YES;
				IPHONEOS_DEPLOYMENT_TARGET = 14.4;
				MTL_ENABLE_DEBUG_INFO = INCLUDE_SOURCE;
				MTL_FAST_MATH = YES;
				ONLY_ACTIVE_ARCH = YES;
				SDKROOT = iphoneos;
				SWIFT_ACTIVE_COMPILATION_CONDITIONS = DEBUG;
				SWIFT_OPTIMIZATION_LEVEL = "-Onone";
			};
			name = Debug;
		};
		A320C7652619EBB80025C6C1 /* Release */ = {
			isa = XCBuildConfiguration;
			buildSettings = {
				ALWAYS_SEARCH_USER_PATHS = NO;
				CLANG_ANALYZER_NONNULL = YES;
				CLANG_ANALYZER_NUMBER_OBJECT_CONVERSION = YES_AGGRESSIVE;
				CLANG_CXX_LANGUAGE_STANDARD = "gnu++14";
				CLANG_CXX_LIBRARY = "libc++";
				CLANG_ENABLE_MODULES = YES;
				CLANG_ENABLE_OBJC_ARC = YES;
				CLANG_ENABLE_OBJC_WEAK = YES;
				CLANG_WARN_BLOCK_CAPTURE_AUTORELEASING = YES;
				CLANG_WARN_BOOL_CONVERSION = YES;
				CLANG_WARN_COMMA = YES;
				CLANG_WARN_CONSTANT_CONVERSION = YES;
				CLANG_WARN_DEPRECATED_OBJC_IMPLEMENTATIONS = YES;
				CLANG_WARN_DIRECT_OBJC_ISA_USAGE = YES_ERROR;
				CLANG_WARN_DOCUMENTATION_COMMENTS = YES;
				CLANG_WARN_EMPTY_BODY = YES;
				CLANG_WARN_ENUM_CONVERSION = YES;
				CLANG_WARN_INFINITE_RECURSION = YES;
				CLANG_WARN_INT_CONVERSION = YES;
				CLANG_WARN_NON_LITERAL_NULL_CONVERSION = YES;
				CLANG_WARN_OBJC_IMPLICIT_RETAIN_SELF = YES;
				CLANG_WARN_OBJC_LITERAL_CONVERSION = YES;
				CLANG_WARN_OBJC_ROOT_CLASS = YES_ERROR;
				CLANG_WARN_QUOTED_INCLUDE_IN_FRAMEWORK_HEADER = YES;
				CLANG_WARN_RANGE_LOOP_ANALYSIS = YES;
				CLANG_WARN_STRICT_PROTOTYPES = YES;
				CLANG_WARN_SUSPICIOUS_MOVE = YES;
				CLANG_WARN_UNGUARDED_AVAILABILITY = YES_AGGRESSIVE;
				CLANG_WARN_UNREACHABLE_CODE = YES;
				CLANG_WARN__DUPLICATE_METHOD_MATCH = YES;
				COPY_PHASE_STRIP = NO;
				DEBUG_INFORMATION_FORMAT = "dwarf-with-dsym";
				ENABLE_NS_ASSERTIONS = NO;
				ENABLE_STRICT_OBJC_MSGSEND = YES;
				GCC_C_LANGUAGE_STANDARD = gnu11;
				GCC_NO_COMMON_BLOCKS = YES;
				GCC_WARN_64_TO_32_BIT_CONVERSION = YES;
				GCC_WARN_ABOUT_RETURN_TYPE = YES_ERROR;
				GCC_WARN_UNDECLARED_SELECTOR = YES;
				GCC_WARN_UNINITIALIZED_AUTOS = YES_AGGRESSIVE;
				GCC_WARN_UNUSED_FUNCTION = YES;
				GCC_WARN_UNUSED_VARIABLE = YES;
				IPHONEOS_DEPLOYMENT_TARGET = 14.4;
				MTL_ENABLE_DEBUG_INFO = NO;
				MTL_FAST_MATH = YES;
				SDKROOT = iphoneos;
				SWIFT_COMPILATION_MODE = wholemodule;
				SWIFT_OPTIMIZATION_LEVEL = "-O";
				VALIDATE_PRODUCT = YES;
			};
			name = Release;
		};
		A320C7672619EBB80025C6C1 /* Debug */ = {
			isa = XCBuildConfiguration;
			baseConfigurationReference = B546B5EFE675AD47AEB1B613 /* Pods-TodoList.debug.xcconfig */;
			buildSettings = {
				ASSETCATALOG_COMPILER_APPICON_NAME = AppIcon;
				ASSETCATALOG_COMPILER_GLOBAL_ACCENT_COLOR_NAME = AccentColor;
				CODE_SIGN_STYLE = Automatic;
				DEVELOPMENT_TEAM = 4HT2BE32MC;
				INFOPLIST_FILE = TodoList/Info.plist;
				LD_RUNPATH_SEARCH_PATHS = (
					"$(inherited)",
					"@executable_path/Frameworks",
				);
				PRODUCT_BUNDLE_IDENTIFIER = com.dely.TodoList;
				PRODUCT_NAME = "$(TARGET_NAME)";
				SWIFT_VERSION = 5.0;
				TARGETED_DEVICE_FAMILY = "1,2";
			};
			name = Debug;
		};
		A320C7682619EBB80025C6C1 /* Release */ = {
			isa = XCBuildConfiguration;
			baseConfigurationReference = 4AC965AE476A812F7CB0204A /* Pods-TodoList.release.xcconfig */;
			buildSettings = {
				ASSETCATALOG_COMPILER_APPICON_NAME = AppIcon;
				ASSETCATALOG_COMPILER_GLOBAL_ACCENT_COLOR_NAME = AccentColor;
				CODE_SIGN_STYLE = Automatic;
				DEVELOPMENT_TEAM = 4HT2BE32MC;
				INFOPLIST_FILE = TodoList/Info.plist;
				LD_RUNPATH_SEARCH_PATHS = (
					"$(inherited)",
					"@executable_path/Frameworks",
				);
				PRODUCT_BUNDLE_IDENTIFIER = com.dely.TodoList;
				PRODUCT_NAME = "$(TARGET_NAME)";
				SWIFT_VERSION = 5.0;
				TARGETED_DEVICE_FAMILY = "1,2";
			};
			name = Release;
		};
		A320C76A2619EBB80025C6C1 /* Debug */ = {
			isa = XCBuildConfiguration;
			baseConfigurationReference = E691F44E312BC3D7A7B372F5 /* Pods-TodoListTests.debug.xcconfig */;
			buildSettings = {
				ALWAYS_EMBED_SWIFT_STANDARD_LIBRARIES = YES;
				BUNDLE_LOADER = "$(TEST_HOST)";
				CODE_SIGN_STYLE = Automatic;
				DEVELOPMENT_TEAM = 4HT2BE32MC;
				INFOPLIST_FILE = TodoListTests/Info.plist;
				IPHONEOS_DEPLOYMENT_TARGET = 14.4;
				LD_RUNPATH_SEARCH_PATHS = (
					"$(inherited)",
					"@executable_path/Frameworks",
					"@loader_path/Frameworks",
				);
				PRODUCT_BUNDLE_IDENTIFIER = com.dely.TodoListTests;
				PRODUCT_NAME = "$(TARGET_NAME)";
				SWIFT_VERSION = 5.0;
				TARGETED_DEVICE_FAMILY = "1,2";
				TEST_HOST = "$(BUILT_PRODUCTS_DIR)/TodoList.app/TodoList";
			};
			name = Debug;
		};
		A320C76B2619EBB80025C6C1 /* Release */ = {
			isa = XCBuildConfiguration;
			baseConfigurationReference = 7F52D89DA00616BBCE50EB33 /* Pods-TodoListTests.release.xcconfig */;
			buildSettings = {
				ALWAYS_EMBED_SWIFT_STANDARD_LIBRARIES = YES;
				BUNDLE_LOADER = "$(TEST_HOST)";
				CODE_SIGN_STYLE = Automatic;
				DEVELOPMENT_TEAM = 4HT2BE32MC;
				INFOPLIST_FILE = TodoListTests/Info.plist;
				IPHONEOS_DEPLOYMENT_TARGET = 14.4;
				LD_RUNPATH_SEARCH_PATHS = (
					"$(inherited)",
					"@executable_path/Frameworks",
					"@loader_path/Frameworks",
				);
				PRODUCT_BUNDLE_IDENTIFIER = com.dely.TodoListTests;
				PRODUCT_NAME = "$(TARGET_NAME)";
				SWIFT_VERSION = 5.0;
				TARGETED_DEVICE_FAMILY = "1,2";
				TEST_HOST = "$(BUILT_PRODUCTS_DIR)/TodoList.app/TodoList";
			};
			name = Release;
		};
		A320C76D2619EBB80025C6C1 /* Debug */ = {
			isa = XCBuildConfiguration;
			baseConfigurationReference = 0B6BE186C79A1E7B2E51CF06 /* Pods-TodoList-TodoListUITests.debug.xcconfig */;
			buildSettings = {
				ALWAYS_EMBED_SWIFT_STANDARD_LIBRARIES = YES;
				CODE_SIGN_STYLE = Automatic;
				DEVELOPMENT_TEAM = 4HT2BE32MC;
				INFOPLIST_FILE = TodoListUITests/Info.plist;
				LD_RUNPATH_SEARCH_PATHS = (
					"$(inherited)",
					"@executable_path/Frameworks",
					"@loader_path/Frameworks",
				);
				PRODUCT_BUNDLE_IDENTIFIER = com.dely.TodoListUITests;
				PRODUCT_NAME = "$(TARGET_NAME)";
				SWIFT_VERSION = 5.0;
				TARGETED_DEVICE_FAMILY = "1,2";
				TEST_TARGET_NAME = TodoList;
			};
			name = Debug;
		};
		A320C76E2619EBB80025C6C1 /* Release */ = {
			isa = XCBuildConfiguration;
			baseConfigurationReference = 1A7F643810A80AA580B41E46 /* Pods-TodoList-TodoListUITests.release.xcconfig */;
			buildSettings = {
				ALWAYS_EMBED_SWIFT_STANDARD_LIBRARIES = YES;
				CODE_SIGN_STYLE = Automatic;
				DEVELOPMENT_TEAM = 4HT2BE32MC;
				INFOPLIST_FILE = TodoListUITests/Info.plist;
				LD_RUNPATH_SEARCH_PATHS = (
					"$(inherited)",
					"@executable_path/Frameworks",
					"@loader_path/Frameworks",
				);
				PRODUCT_BUNDLE_IDENTIFIER = com.dely.TodoListUITests;
				PRODUCT_NAME = "$(TARGET_NAME)";
				SWIFT_VERSION = 5.0;
				TARGETED_DEVICE_FAMILY = "1,2";
				TEST_TARGET_NAME = TodoList;
			};
			name = Release;
		};
/* End XCBuildConfiguration section */

/* Begin XCConfigurationList section */
		A320C7372619EBB50025C6C1 /* Build configuration list for PBXProject "TodoList" */ = {
			isa = XCConfigurationList;
			buildConfigurations = (
				A320C7642619EBB80025C6C1 /* Debug */,
				A320C7652619EBB80025C6C1 /* Release */,
			);
			defaultConfigurationIsVisible = 0;
			defaultConfigurationName = Release;
		};
		A320C7662619EBB80025C6C1 /* Build configuration list for PBXNativeTarget "TodoList" */ = {
			isa = XCConfigurationList;
			buildConfigurations = (
				A320C7672619EBB80025C6C1 /* Debug */,
				A320C7682619EBB80025C6C1 /* Release */,
			);
			defaultConfigurationIsVisible = 0;
			defaultConfigurationName = Release;
		};
		A320C7692619EBB80025C6C1 /* Build configuration list for PBXNativeTarget "TodoListTests" */ = {
			isa = XCConfigurationList;
			buildConfigurations = (
				A320C76A2619EBB80025C6C1 /* Debug */,
				A320C76B2619EBB80025C6C1 /* Release */,
			);
			defaultConfigurationIsVisible = 0;
			defaultConfigurationName = Release;
		};
		A320C76C2619EBB80025C6C1 /* Build configuration list for PBXNativeTarget "TodoListUITests" */ = {
			isa = XCConfigurationList;
			buildConfigurations = (
				A320C76D2619EBB80025C6C1 /* Debug */,
				A320C76E2619EBB80025C6C1 /* Release */,
			);
			defaultConfigurationIsVisible = 0;
			defaultConfigurationName = Release;
		};
/* End XCConfigurationList section */
	};
	rootObject = A320C7342619EBB50025C6C1 /* Project object */;
}
